
Microsoft Visual Studio Solution File, Format Version 12.00
# Visual Studio Version 17
VisualStudioVersion = 17.0.31808.319
MinimumVisualStudioVersion = 10.0.40219.1
Project("{FAE04EC0-301F-11D3-BF4B-00C04F79EFBC}") = "NullableValue", "NullableValue\NullableValue.csproj", "{2CC889E9-C062-493A-AA80-53FD460FA99B}"
EndProject
Global
	GlobalSection(SolutionConfigurationPlatforms) = preSolution
		Debug|Any CPU = Debug|Any CPU
		Release|Any CPU = Release|Any CPU
	EndGlobalSection
	GlobalSection(ProjectConfigurationPlatforms) = postSolution
		{2CC889E9-C062-493A-AA80-53FD460FA99B}.Debug|Any CPU.ActiveCfg = Debug|Any CPU
		{2CC889E9-C062-493A-AA80-53FD460FA99B}.Debug|Any CPU.Build.0 = Debug|Any CPU
		{2CC889E9-C062-493A-AA80-53FD460FA99B}.Release|Any CPU.ActiveCfg = Release|Any CPU
		{2CC889E9-C062-493A-AA80-53FD460FA99B}.Release|Any CPU.Build.0 = Release|Any CPU
	EndGlobalSection
	GlobalSection(SolutionProperties) = preSolution
		HideSolutionNode = FALSE
	EndGlobalSection
	GlobalSection(ExtensibilityGlobals) = postSolution
		SolutionGuid = {56AA8B53-1DD1-42F2-A6D0-FD123DCA1880}
	EndGlobalSection
EndGlobal
